
Microsoft Visual Studio Solution File, Format Version 12.00
# Visual Studio Version 17
VisualStudioVersion = 17.14.36109.1
MinimumVisualStudioVersion = 10.0.40219.1
Project("{8BC9CEB8-8B4A-11D0-8D11-00A0C91BC942}") = "cpp_physics_experiments", "cpp_physics_experiments\cpp_physics_experiments.vcxproj", "{92DC7C14-1B91-4F7F-9635-1ABE88044E27}"
EndProject
Project("{2150E333-8FDC-42A3-9474-1A3956D46DE8}") = "Solution Items", "Solution Items", "{8EC462FD-D22E-90A8-E5CE-7E832BA40C5D}"
	ProjectSection(SolutionItems) = preProject
		.gitignore = .gitignore
		..\..\libs\glm\CMakeLists.txt = ..\..\libs\glm\CMakeLists.txt
		..\..\libs\glm\common.hpp = ..\..\libs\glm\common.hpp
		..\..\libs\glm\copying.txt = ..\..\libs\glm\copying.txt
		..\..\libs\glm\exponential.hpp = ..\..\libs\glm\exponential.hpp
		..\..\libs\glm\ext.hpp = ..\..\libs\glm\ext.hpp
		..\..\libs\glm\fwd.hpp = ..\..\libs\glm\fwd.hpp
		..\..\libs\glm\geometric.hpp = ..\..\libs\glm\geometric.hpp
		..\..\libs\glm\glm.cppm = ..\..\libs\glm\glm.cppm
		..\..\libs\glm\glm.hpp = ..\..\libs\glm\glm.hpp
		..\..\libs\glm\integer.hpp = ..\..\libs\glm\integer.hpp
		..\..\libs\glm\mat2x2.hpp = ..\..\libs\glm\mat2x2.hpp
		..\..\libs\glm\mat2x3.hpp = ..\..\libs\glm\mat2x3.hpp
		..\..\libs\glm\mat2x4.hpp = ..\..\libs\glm\mat2x4.hpp
		..\..\libs\glm\mat3x2.hpp = ..\..\libs\glm\mat3x2.hpp
		..\..\libs\glm\mat3x3.hpp = ..\..\libs\glm\mat3x3.hpp
		..\..\libs\glm\mat3x4.hpp = ..\..\libs\glm\mat3x4.hpp
		..\..\libs\glm\mat4x2.hpp = ..\..\libs\glm\mat4x2.hpp
		..\..\libs\glm\mat4x3.hpp = ..\..\libs\glm\mat4x3.hpp
		..\..\libs\glm\mat4x4.hpp = ..\..\libs\glm\mat4x4.hpp
		..\..\libs\glm\matrix.hpp = ..\..\libs\glm\matrix.hpp
		..\..\libs\glm\packing.hpp = ..\..\libs\glm\packing.hpp
		..\..\libs\glm\trigonometric.hpp = ..\..\libs\glm\trigonometric.hpp
		..\..\libs\glm\vec2.hpp = ..\..\libs\glm\vec2.hpp
		..\..\libs\glm\vec3.hpp = ..\..\libs\glm\vec3.hpp
		..\..\libs\glm\vec4.hpp = ..\..\libs\glm\vec4.hpp
		..\..\libs\glm\vector_relational.hpp = ..\..\libs\glm\vector_relational.hpp
	EndProjectSection
EndProject
Global
	GlobalSection(SolutionConfigurationPlatforms) = preSolution
		Debug|x64 = Debug|x64
		Debug|x86 = Debug|x86
		Release|x64 = Release|x64
		Release|x86 = Release|x86
	EndGlobalSection
	GlobalSection(ProjectConfigurationPlatforms) = postSolution
		{92DC7C14-1B91-4F7F-9635-1ABE88044E27}.Debug|x64.ActiveCfg = Debug|x64
		{92DC7C14-1B91-4F7F-9635-1ABE88044E27}.Debug|x64.Build.0 = Debug|x64
		{92DC7C14-1B91-4F7F-9635-1ABE88044E27}.Debug|x86.ActiveCfg = Debug|Win32
		{92DC7C14-1B91-4F7F-9635-1ABE88044E27}.Debug|x86.Build.0 = Debug|Win32
		{92DC7C14-1B91-4F7F-9635-1ABE88044E27}.Release|x64.ActiveCfg = Release|x64
		{92DC7C14-1B91-4F7F-9635-1ABE88044E27}.Release|x64.Build.0 = Release|x64
		{92DC7C14-1B91-4F7F-9635-1ABE88044E27}.Release|x86.ActiveCfg = Release|Win32
		{92DC7C14-1B91-4F7F-9635-1ABE88044E27}.Release|x86.Build.0 = Release|Win32
	EndGlobalSection
	GlobalSection(SolutionProperties) = preSolution
		HideSolutionNode = FALSE
	EndGlobalSection
	GlobalSection(ExtensibilityGlobals) = postSolution
		SolutionGuid = {D13A1C91-C703-4F80-879C-79F9C07D3683}
	EndGlobalSection
EndGlobal
